
Microsoft Visual Studio Solution File, Format Version 12.00
# Visual Studio 2015
Project("{FAE04EC0-301F-11D3-BF4B-00C04F79EFBC}") = "JengaVR", "JengaVR.csproj", "{48BE8642-9FE6-ACBA-23F7-0B4638544D58}"
EndProject
Project("{FAE04EC0-301F-11D3-BF4B-00C04F79EFBC}") = "JengaVR.Editor", "JengaVR.Editor.csproj", "{15D7858A-5582-354F-2DF0-DAFDE1812830}"
EndProject
Global
	GlobalSection(SolutionConfigurationPlatforms) = preSolution
		Debug|Any CPU = Debug|Any CPU
		Release|Any CPU = Release|Any CPU
	EndGlobalSection
	GlobalSection(ProjectConfigurationPlatforms) = postSolution
		{48BE8642-9FE6-ACBA-23F7-0B4638544D58}.Debug|Any CPU.ActiveCfg = Debug|Any CPU
		{48BE8642-9FE6-ACBA-23F7-0B4638544D58}.Debug|Any CPU.Build.0 = Debug|Any CPU
		{48BE8642-9FE6-ACBA-23F7-0B4638544D58}.Release|Any CPU.ActiveCfg = Release|Any CPU
		{48BE8642-9FE6-ACBA-23F7-0B4638544D58}.Release|Any CPU.Build.0 = Release|Any CPU
		{15D7858A-5582-354F-2DF0-DAFDE1812830}.Debug|Any CPU.ActiveCfg = Debug|Any CPU
		{15D7858A-5582-354F-2DF0-DAFDE1812830}.Debug|Any CPU.Build.0 = Debug|Any CPU
		{15D7858A-5582-354F-2DF0-DAFDE1812830}.Release|Any CPU.ActiveCfg = Release|Any CPU
		{15D7858A-5582-354F-2DF0-DAFDE1812830}.Release|Any CPU.Build.0 = Release|Any CPU
	EndGlobalSection
	GlobalSection(SolutionProperties) = preSolution
		HideSolutionNode = FALSE
	EndGlobalSection
EndGlobal
